
Microsoft Visual Studio Solution File, Format Version 12.00
# Visual Studio 15
VisualStudioVersion = 15.0.28307.421
MinimumVisualStudioVersion = 10.0.40219.1
Project("{8BC9CEB8-8B4A-11D0-8D11-00A0C91BC942}") = "SOUIViewer", "SOUIViewer\SOUIViewer.vcxproj", "{E60CE489-0C28-4849-87B5-D8E5D4C42237}"
EndProject
Global
	GlobalSection(SolutionConfigurationPlatforms) = preSolution
		Debug|x64 = Debug|x64
		Debug|x86 = Debug|x86
		Release|x64 = Release|x64
		Release|x86 = Release|x86
	EndGlobalSection
	GlobalSection(ProjectConfigurationPlatforms) = postSolution
		{E60CE489-0C28-4849-87B5-D8E5D4C42237}.Debug|x64.ActiveCfg = Debug|x64
		{E60CE489-0C28-4849-87B5-D8E5D4C42237}.Debug|x64.Build.0 = Debug|x64
		{E60CE489-0C28-4849-87B5-D8E5D4C42237}.Debug|x86.ActiveCfg = Debug|Win32
		{E60CE489-0C28-4849-87B5-D8E5D4C42237}.Debug|x86.Build.0 = Debug|Win32
		{E60CE489-0C28-4849-87B5-D8E5D4C42237}.Release|x64.ActiveCfg = Release|x64
		{E60CE489-0C28-4849-87B5-D8E5D4C42237}.Release|x64.Build.0 = Release|x64
		{E60CE489-0C28-4849-87B5-D8E5D4C42237}.Release|x86.ActiveCfg = Release|Win32
		{E60CE489-0C28-4849-87B5-D8E5D4C42237}.Release|x86.Build.0 = Release|Win32
	EndGlobalSection
	GlobalSection(SolutionProperties) = preSolution
		HideSolutionNode = FALSE
	EndGlobalSection
	GlobalSection(ExtensibilityGlobals) = postSolution
		SolutionGuid = {C35C8018-B63B-42D2-96E6-57F318534C24}
	EndGlobalSection
EndGlobal
